
Microsoft Visual Studio Solution File, Format Version 12.00
# Visual Studio Version 17
VisualStudioVersion = 17.3.32901.215
MinimumVisualStudioVersion = 10.0.40219.1
Project("{FAE04EC0-301F-11D3-BF4B-00C04F79EFBC}") = "lab1", "lab1\lab1.csproj", "{E78EF106-21C7-4CCC-9A27-2A0464250CEB}"
EndProject
Global
	GlobalSection(SolutionConfigurationPlatforms) = preSolution
		Debug|Any CPU = Debug|Any CPU
		Release|Any CPU = Release|Any CPU
	EndGlobalSection
	GlobalSection(ProjectConfigurationPlatforms) = postSolution
		{E78EF106-21C7-4CCC-9A27-2A0464250CEB}.Debug|Any CPU.ActiveCfg = Debug|Any CPU
		{E78EF106-21C7-4CCC-9A27-2A0464250CEB}.Debug|Any CPU.Build.0 = Debug|Any CPU
		{E78EF106-21C7-4CCC-9A27-2A0464250CEB}.Release|Any CPU.ActiveCfg = Release|Any CPU
		{E78EF106-21C7-4CCC-9A27-2A0464250CEB}.Release|Any CPU.Build.0 = Release|Any CPU
	EndGlobalSection
	GlobalSection(SolutionProperties) = preSolution
		HideSolutionNode = FALSE
	EndGlobalSection
	GlobalSection(ExtensibilityGlobals) = postSolution
		SolutionGuid = {E23112C6-D2F8-4654-9667-04745ACD71E0}
	EndGlobalSection
EndGlobal
